
Microsoft Visual Studio Solution File, Format Version 12.00
# Visual Studio Version 17
VisualStudioVersion = 17.2.32630.192
MinimumVisualStudioVersion = 10.0.40219.1
Project("{FAE04EC0-301F-11D3-BF4B-00C04F79EFBC}") = "StrategyPattern", "StrategyPattern\StrategyPattern.csproj", "{BCD6D408-A310-422E-9B85-4719223D9324}"
EndProject
Global
	GlobalSection(SolutionConfigurationPlatforms) = preSolution
		Debug|Any CPU = Debug|Any CPU
		Release|Any CPU = Release|Any CPU
	EndGlobalSection
	GlobalSection(ProjectConfigurationPlatforms) = postSolution
		{BCD6D408-A310-422E-9B85-4719223D9324}.Debug|Any CPU.ActiveCfg = Debug|Any CPU
		{BCD6D408-A310-422E-9B85-4719223D9324}.Debug|Any CPU.Build.0 = Debug|Any CPU
		{BCD6D408-A310-422E-9B85-4719223D9324}.Release|Any CPU.ActiveCfg = Release|Any CPU
		{BCD6D408-A310-422E-9B85-4719223D9324}.Release|Any CPU.Build.0 = Release|Any CPU
	EndGlobalSection
	GlobalSection(SolutionProperties) = preSolution
		HideSolutionNode = FALSE
	EndGlobalSection
	GlobalSection(ExtensibilityGlobals) = postSolution
		SolutionGuid = {683BEFE7-CE43-4F58-B0EE-7B0E2AD2E47F}
	EndGlobalSection
EndGlobal
